
Microsoft Visual Studio Solution File, Format Version 12.00
# Visual Studio 15
VisualStudioVersion = 15.0.27130.2027
MinimumVisualStudioVersion = 10.0.40219.1
Project("{9A19103F-16F7-4668-BE54-9A1E7A4F7556}") = "Lab1A", "Lab1A\Lab1A.csproj", "{39A54344-2C1D-4DB4-880F-DA23CCDDE8A3}"
EndProject
Project("{9A19103F-16F7-4668-BE54-9A1E7A4F7556}") = "DealshipApiTest", "DealshipApiTest\DealshipApiTest.csproj", "{761569A8-83C5-4217-BA59-1D6655591ACC}"
EndProject
Project("{FAE04EC0-301F-11D3-BF4B-00C04F79EFBC}") = "Lab1B", "Lab1B\Lab1B.csproj", "{4E347C45-2F15-4584-9BEA-77E75D5B2FB3}"
EndProject
Global
	GlobalSection(SolutionConfigurationPlatforms) = preSolution
		Debug|Any CPU = Debug|Any CPU
		Release|Any CPU = Release|Any CPU
	EndGlobalSection
	GlobalSection(ProjectConfigurationPlatforms) = postSolution
		{39A54344-2C1D-4DB4-880F-DA23CCDDE8A3}.Debug|Any CPU.ActiveCfg = Debug|Any CPU
		{39A54344-2C1D-4DB4-880F-DA23CCDDE8A3}.Debug|Any CPU.Build.0 = Debug|Any CPU
		{39A54344-2C1D-4DB4-880F-DA23CCDDE8A3}.Release|Any CPU.ActiveCfg = Release|Any CPU
		{39A54344-2C1D-4DB4-880F-DA23CCDDE8A3}.Release|Any CPU.Build.0 = Release|Any CPU
		{761569A8-83C5-4217-BA59-1D6655591ACC}.Debug|Any CPU.ActiveCfg = Debug|Any CPU
		{761569A8-83C5-4217-BA59-1D6655591ACC}.Debug|Any CPU.Build.0 = Debug|Any CPU
		{761569A8-83C5-4217-BA59-1D6655591ACC}.Release|Any CPU.ActiveCfg = Release|Any CPU
		{761569A8-83C5-4217-BA59-1D6655591ACC}.Release|Any CPU.Build.0 = Release|Any CPU
		{4E347C45-2F15-4584-9BEA-77E75D5B2FB3}.Debug|Any CPU.ActiveCfg = Debug|Any CPU
		{4E347C45-2F15-4584-9BEA-77E75D5B2FB3}.Debug|Any CPU.Build.0 = Debug|Any CPU
		{4E347C45-2F15-4584-9BEA-77E75D5B2FB3}.Release|Any CPU.ActiveCfg = Release|Any CPU
		{4E347C45-2F15-4584-9BEA-77E75D5B2FB3}.Release|Any CPU.Build.0 = Release|Any CPU
	EndGlobalSection
	GlobalSection(SolutionProperties) = preSolution
		HideSolutionNode = FALSE
	EndGlobalSection
	GlobalSection(ExtensibilityGlobals) = postSolution
		SolutionGuid = {2A476370-A8EF-4C75-BF9A-8F4119D46DE3}
	EndGlobalSection
EndGlobal
